
Microsoft Visual Studio Solution File, Format Version 12.00
# Visual Studio Version 17
VisualStudioVersion = 17.2.32616.157
MinimumVisualStudioVersion = 10.0.40219.1
Project("{9A19103F-16F7-4668-BE54-9A1E7A4F7556}") = "PD.LL.Common", "PD.LL.Common\PD.LL.Common.csproj", "{05477619-66D4-4883-B7E6-628D670B0763}"
EndProject
Global
	GlobalSection(SolutionConfigurationPlatforms) = preSolution
		Debug|Any CPU = Debug|Any CPU
		Release|Any CPU = Release|Any CPU
	EndGlobalSection
	GlobalSection(ProjectConfigurationPlatforms) = postSolution
		{05477619-66D4-4883-B7E6-628D670B0763}.Debug|Any CPU.ActiveCfg = Debug|Any CPU
		{05477619-66D4-4883-B7E6-628D670B0763}.Debug|Any CPU.Build.0 = Debug|Any CPU
		{05477619-66D4-4883-B7E6-628D670B0763}.Release|Any CPU.ActiveCfg = Release|Any CPU
		{05477619-66D4-4883-B7E6-628D670B0763}.Release|Any CPU.Build.0 = Release|Any CPU
	EndGlobalSection
	GlobalSection(SolutionProperties) = preSolution
		HideSolutionNode = FALSE
	EndGlobalSection
	GlobalSection(ExtensibilityGlobals) = postSolution
		SolutionGuid = {18911951-043C-4F8A-9DA5-947102B3F358}
	EndGlobalSection
EndGlobal
